{
  "version": "2",
  "remote": {
    "https://deno.land/std@0.116.0/_util/assert.ts": "2f868145a042a11d5ad0a3c748dcf580add8a0dbc0e876eaa0026303a5488f58",
    "https://deno.land/std@0.116.0/_util/os.ts": "dfb186cc4e968c770ab6cc3288bd65f4871be03b93beecae57d657232ecffcac",
    "https://deno.land/std@0.116.0/fs/walk.ts": "31464d75099aa3fc7764212576a8772dfabb2692783e6eabb910f874a26eac54",
    "https://deno.land/std@0.116.0/path/_constants.ts": "1247fee4a79b70c89f23499691ef169b41b6ccf01887a0abd131009c5581b853",
    "https://deno.land/std@0.116.0/path/_interface.ts": "1fa73b02aaa24867e481a48492b44f2598cd9dfa513c7b34001437007d3642e4",
    "https://deno.land/std@0.116.0/path/_util.ts": "2e06a3b9e79beaf62687196bd4b60a4c391d862cfa007a20fc3a39f778ba073b",
    "https://deno.land/std@0.116.0/path/common.ts": "f41a38a0719a1e85aa11c6ba3bea5e37c15dd009d705bd8873f94c833568cbc4",
    "https://deno.land/std@0.116.0/path/glob.ts": "ea87985765b977cc284b92771003b2070c440e0807c90e1eb0ff3e095911a820",
    "https://deno.land/std@0.116.0/path/mod.ts": "4465dc494f271b02569edbb4a18d727063b5dbd6ed84283ff906260970a15d12",
    "https://deno.land/std@0.116.0/path/posix.ts": "34349174b9cd121625a2810837a82dd8b986bbaaad5ade690d1de75bbb4555b2",
    "https://deno.land/std@0.116.0/path/separator.ts": "8fdcf289b1b76fd726a508f57d3370ca029ae6976fcde5044007f062e643ff1c",
    "https://deno.land/std@0.116.0/path/win32.ts": "11549e8c6df8307a8efcfa47ad7b2a75da743eac7d4c89c9723a944661c8bd2e",
    "https://deno.land/std@0.173.0/collections/filter_values.ts": "5b9feaf17b9a6e5ffccdd36cf6f38fa4ffa94cff2602d381c2ad0c2a97929652",
    "https://deno.land/std@0.173.0/collections/without_all.ts": "a89f5da0b5830defed4f59666e188df411d8fece35a5f6ca69be6ca71a95c185",
    "https://deno.land/std@0.173.0/dotenv/mod.ts": "6e1dbc4737e3f62a5c1f3d2a26a0e5626fb168a198375bef574fedbe86a79f20",
    "https://deno.land/std@0.177.0/_util/asserts.ts": "178dfc49a464aee693a7e285567b3d0b555dc805ff490505a8aae34f9cfb1462",
    "https://deno.land/std@0.177.0/_util/os.ts": "d932f56d41e4f6a6093d56044e29ce637f8dcc43c5a90af43504a889cf1775e3",
    "https://deno.land/std@0.177.0/bytes/index_of_needle.ts": "65c939607df609374c4415598fa4dad04a2f14c4d98cd15775216f0aaf597f24",
    "https://deno.land/std@0.177.0/encoding/base64.ts": "7de04c2f8aeeb41453b09b186480be90f2ff357613b988e99fabb91d2eeceba1",
    "https://deno.land/std@0.177.0/encoding/base64url.ts": "3f1178f6446834457b16bfde8b559c1cd3481727fe384d3385e4a9995dc2d851",
    "https://deno.land/std@0.177.0/node/_core.ts": "9a58c0ef98ee77e9b8fcc405511d1b37a003a705eb6a9b6e95f75434d8009adc",
    "https://deno.land/std@0.177.0/node/_utils.ts": "7fd55872a0cf9275e3c080a60e2fa6d45b8de9e956ebcde9053e72a344185884",
    "https://deno.land/std@0.177.0/node/buffer.ts": "85617be2063eccaf177dbb84c7580d1e32023724ed14bd9df4e453b152a26167",
    "https://deno.land/std@0.177.0/node/internal/buffer.d.ts": "bdfa991cd88cb02fd08bf8235d2618550e3e511c970b2a8f2e1a6885a2793cac",
    "https://deno.land/std@0.177.0/node/internal/buffer.mjs": "e92303a3cc6d9aaabcd270a937ad9319825d9ba08cb332650944df4562029b27",
    "https://deno.land/std@0.177.0/node/internal/crypto/_keys.ts": "8f3c3b5a141aa0331a53c205e9338655f1b3b307a08085fd6ff6dda6f7c4190b",
    "https://deno.land/std@0.177.0/node/internal/crypto/constants.ts": "544d605703053218499b08214f2e25cf4310651d535b7ab995891c4b7a217693",
    "https://deno.land/std@0.177.0/node/internal/error_codes.ts": "8495e33f448a484518d76fa3d41d34fc20fe03c14b30130ad8e936b0035d4b8b",
    "https://deno.land/std@0.177.0/node/internal/errors.ts": "1c699b8a3cb93174f697a348c004b1c6d576b66688eac8a48ebb78e65c720aae",
    "https://deno.land/std@0.177.0/node/internal/hide_stack_frames.ts": "9dd1bad0a6e62a1042ce3a51eb1b1ecee2f246907bff44835f86e8f021de679a",
    "https://deno.land/std@0.177.0/node/internal/normalize_encoding.mjs": "fd1d9df61c44d7196432f6e8244621468715131d18cc79cd299fc78ac549f707",
    "https://deno.land/std@0.177.0/node/internal/primordials.mjs": "a72d86b5aa55d3d50b8e916b6a59b7cc0dc5a31da8937114b4a113ad5aa08c74",
    "https://deno.land/std@0.177.0/node/internal/util.mjs": "f7fe2e1ca5e66f550ad0856b9f5ee4d666f0c071fe212ea7fc7f37cfa81f97a5",
    "https://deno.land/std@0.177.0/node/internal/util/inspect.mjs": "11d7c9cab514b8e485acc3978c74b837263ff9c08ae4537fa18ad56bae633259",
    "https://deno.land/std@0.177.0/node/internal/util/types.ts": "0e587b44ec5e017cf228589fc5ce9983b75beece6c39409c34170cfad49d6417",
    "https://deno.land/std@0.177.0/node/internal/validators.mjs": "e02f2b02dd072a5d623970292588d541204dc82207b4c58985d933a5f4b382e6",
    "https://deno.land/std@0.177.0/node/internal_binding/_libuv_winerror.ts": "30c9569603d4b97a1f1a034d88a3f74800d5ea1f12fcc3d225c9899d4e1a518b",
    "https://deno.land/std@0.177.0/node/internal_binding/_node.ts": "cb2389b0eab121df99853eb6a5e3a684e4537e065fb8bf2cca0cbf219ce4e32e",
    "https://deno.land/std@0.177.0/node/internal_binding/_utils.ts": "7c58a2fbb031a204dee9583ba211cf9c67922112fe77e7f0b3226112469e9fe1",
    "https://deno.land/std@0.177.0/node/internal_binding/_winerror.ts": "3e8cfdfe22e89f13d2b28529bab35155e6b1730c0221ec5a6fc7077dc037be13",
    "https://deno.land/std@0.177.0/node/internal_binding/buffer.ts": "31729e0537921d6c730ad0afea44a7e8a0a1044d070ade8368226cb6f7390c8b",
    "https://deno.land/std@0.177.0/node/internal_binding/constants.ts": "21ff9d1ee71d0a2086541083a7711842fc6ae25e264dbf45c73815aadce06f4c",
    "https://deno.land/std@0.177.0/node/internal_binding/string_decoder.ts": "54c3c1cbd5a9254881be58bf22637965dc69535483014dab60487e299cb95445",
    "https://deno.land/std@0.177.0/node/internal_binding/types.ts": "2187595a58d2cf0134f4db6cc2a12bf777f452f52b15b6c3aed73fa072aa5fc3",
    "https://deno.land/std@0.177.0/node/internal_binding/util.ts": "808ff3b92740284184ab824adfc420e75398c88c8bccf5111f0c24ac18c48f10",
    "https://deno.land/std@0.177.0/node/internal_binding/uv.ts": "eb0048e30af4db407fb3f95563e30d70efd6187051c033713b0a5b768593a3a3",
    "https://deno.land/std@0.179.0/_util/asserts.ts": "178dfc49a464aee693a7e285567b3d0b555dc805ff490505a8aae34f9cfb1462",
    "https://deno.land/std@0.179.0/_util/os.ts": "d932f56d41e4f6a6093d56044e29ce637f8dcc43c5a90af43504a889cf1775e3",
    "https://deno.land/std@0.179.0/fs/_util.ts": "65381f341af1ff7f40198cee15c20f59951ac26e51ddc651c5293e24f9ce6f32",
    "https://deno.land/std@0.179.0/fs/copy.ts": "14214efd94fc3aa6db1e4af2b4b9578e50f7362b7f3725d5a14ad259a5df26c8",
    "https://deno.land/std@0.179.0/fs/empty_dir.ts": "c3d2da4c7352fab1cf144a1ecfef58090769e8af633678e0f3fabaef98594688",
    "https://deno.land/std@0.179.0/fs/ensure_dir.ts": "dc64c4c75c64721d4e3fb681f1382f803ff3d2868f08563ff923fdd20d071c40",
    "https://deno.land/std@0.179.0/path/_constants.ts": "e49961f6f4f48039c0dfed3c3f93e963ca3d92791c9d478ac5b43183413136e0",
    "https://deno.land/std@0.179.0/path/_interface.ts": "6471159dfbbc357e03882c2266d21ef9afdb1e4aa771b0545e90db58a0ba314b",
    "https://deno.land/std@0.179.0/path/_util.ts": "d7abb1e0dea065f427b89156e28cdeb32b045870acdf865833ba808a73b576d0",
    "https://deno.land/std@0.179.0/path/common.ts": "ee7505ab01fd22de3963b64e46cff31f40de34f9f8de1fff6a1bd2fe79380000",
    "https://deno.land/std@0.179.0/path/glob.ts": "d479e0a695621c94d3fd7fe7abd4f9499caf32a8de13f25073451c6ef420a4e1",
    "https://deno.land/std@0.179.0/path/mod.ts": "4b83694ac500d7d31b0cdafc927080a53dc0c3027eb2895790fb155082b0d232",
    "https://deno.land/std@0.179.0/path/posix.ts": "8b7c67ac338714b30c816079303d0285dd24af6b284f7ad63da5b27372a2c94d",
    "https://deno.land/std@0.179.0/path/separator.ts": "0fb679739d0d1d7bf45b68dacfb4ec7563597a902edbaf3c59b50d5bcadd93b1",
    "https://deno.land/std@0.179.0/path/win32.ts": "d186344e5583bcbf8b18af416d13d82b35a317116e6460a5a3953508c3de5bba",
    "https://deno.land/std@0.187.0/_util/asserts.ts": "178dfc49a464aee693a7e285567b3d0b555dc805ff490505a8aae34f9cfb1462",
    "https://deno.land/std@0.187.0/_util/os.ts": "d932f56d41e4f6a6093d56044e29ce637f8dcc43c5a90af43504a889cf1775e3",
    "https://deno.land/std@0.187.0/path/_constants.ts": "e49961f6f4f48039c0dfed3c3f93e963ca3d92791c9d478ac5b43183413136e0",
    "https://deno.land/std@0.187.0/path/_interface.ts": "6471159dfbbc357e03882c2266d21ef9afdb1e4aa771b0545e90db58a0ba314b",
    "https://deno.land/std@0.187.0/path/_util.ts": "d7abb1e0dea065f427b89156e28cdeb32b045870acdf865833ba808a73b576d0",
    "https://deno.land/std@0.187.0/path/common.ts": "ee7505ab01fd22de3963b64e46cff31f40de34f9f8de1fff6a1bd2fe79380000",
    "https://deno.land/std@0.187.0/path/glob.ts": "d479e0a695621c94d3fd7fe7abd4f9499caf32a8de13f25073451c6ef420a4e1",
    "https://deno.land/std@0.187.0/path/mod.ts": "ee161baec5ded6510ee1d1fb6a75a0f5e4b41f3f3301c92c716ecbdf7dae910d",
    "https://deno.land/std@0.187.0/path/posix.ts": "8b7c67ac338714b30c816079303d0285dd24af6b284f7ad63da5b27372a2c94d",
    "https://deno.land/std@0.187.0/path/separator.ts": "0fb679739d0d1d7bf45b68dacfb4ec7563597a902edbaf3c59b50d5bcadd93b1",
    "https://deno.land/std@0.187.0/path/win32.ts": "d186344e5583bcbf8b18af416d13d82b35a317116e6460a5a3953508c3de5bba",
    "https://deno.land/x/jszip@0.11.0/mod.ts": "5661ddc18e9ac9c07e3c5d2483bc912a7022b6af0d784bb7b05035973e640ba1",
    "https://deno.land/x/jszip@0.11.0/types.ts": "1528d1279fbb64dd118c371331c641a3a5eff2b594336fb38a7659cf4c53b2d1",
    "https://deno.land/x/mkdir_recursive@v0.1.0/mod.ts": "c05eab7ded12220807fd08163bf2114f1c9158d546342c5a65c7467ffa11d0e5",
    "https://esm.sh/@supabase/supabase-js@2.4.1": "f162f8c4e601c78ff3471c3c4a25245f91e0175efc520df21690c0b93791f196",
    "https://esm.sh/@supabase/supabase-js@2.5.0": "35d048357acbd542083e5053a737c3afb2c821738dd0662bc21348f0650ddacb",
    "https://esm.sh/jszip@3.7.1": "20cb21d0f05b141055fc49078b3d4ae623f0b82d7fe480e96cdad8a232b0acac",
    "https://esm.sh/v104/@supabase/functions-js@2.0.0/deno/functions-js.js": "e1c709a0b18a1e65ad13ca32d2098afe3fdb0464a88036028e397e0a690b4b9d",
    "https://esm.sh/v104/@supabase/functions-js@2.0.0/dist/module/FunctionsClient.d.ts": "ef3d2f4fb207809a3b0eec96066238a25489388c6b38e066be70dfd6c41c65df",
    "https://esm.sh/v104/@supabase/functions-js@2.0.0/dist/module/index.d.ts": "77215ae20a49e5cd6c18054f53e479ffcd70dcea12e7bf6a6a0df86ff9a486f7",
    "https://esm.sh/v104/@supabase/functions-js@2.0.0/dist/module/types.d.ts": "264972165defc2488da3121ddbcb4d7f5438042e10d995d250d87f4a3ff5b2a9",
    "https://esm.sh/v104/@supabase/gotrue-js@2.8.0/deno/gotrue-js.js": "64ba74af72d0fdf4850892bf7a4fc2715d3aa54572616b6a876fd3ca466cb194",
    "https://esm.sh/v104/@supabase/gotrue-js@2.8.0/dist/module/GoTrueAdminApi.d.ts": "e26cd0616dfb78c1bd5a585ce693477968fa2d19b223b3f868e37c1b7927d16d",
    "https://esm.sh/v104/@supabase/gotrue-js@2.8.0/dist/module/GoTrueClient.d.ts": "19a629b15d1328f7b673e1e8279abdd69038c1a783e0abce789a0f7a2211e617",
    "https://esm.sh/v104/@supabase/gotrue-js@2.8.0/dist/module/index.d.ts": "8cdbab5746a3ce56786025593191032aeb560f933279507c260d2bb65e83b636",
    "https://esm.sh/v104/@supabase/gotrue-js@2.8.0/dist/module/lib/errors.d.ts": "aba89c1be014c919b2ed0cd2379d71d9271f85fc8ecc850b23514710184e2b0d",
    "https://esm.sh/v104/@supabase/gotrue-js@2.8.0/dist/module/lib/fetch.d.ts": "0124365bdd93bdaefc37112cad6eafefdb01ae36c657770a64df7dbf5f305342",
    "https://esm.sh/v104/@supabase/gotrue-js@2.8.0/dist/module/lib/helpers.d.ts": "422d3b7a775588ce79799e4d774195979591f6e8b406a1f503723e5979c651b1",
    "https://esm.sh/v104/@supabase/gotrue-js@2.8.0/dist/module/lib/types.d.ts": "6e16e2361d88841c480ad35cbca55a4dd5713cb3297c0f5d1aa8b2d6cc97faf4",
    "https://esm.sh/v104/@supabase/postgrest-js@1.3.0/deno/postgrest-js.js": "c163cb65b06182588611ce6851db28c8f08aaba81270ca60285b9c39c8e5ee71",
    "https://esm.sh/v104/@supabase/postgrest-js@1.3.0/dist/module/PostgrestBuilder.d.ts": "53a0460f748330c1be55f76afa210fe6097a20aac9af7a2b48c52710e15d793c",
    "https://esm.sh/v104/@supabase/postgrest-js@1.3.0/dist/module/PostgrestClient.d.ts": "70bddc51d63d92a5f6817be70f4e0d232c6758b425792adb6a9912844aa18747",
    "https://esm.sh/v104/@supabase/postgrest-js@1.3.0/dist/module/PostgrestFilterBuilder.d.ts": "a5c93476d23858a561734a206dd583c1b0fe319f3e9856f69e79134608439e62",
    "https://esm.sh/v104/@supabase/postgrest-js@1.3.0/dist/module/PostgrestQueryBuilder.d.ts": "46b4ffa53e3afee3328a902e4c724b19636ca0d1ceb64d7eba02e98fa2be273f",
    "https://esm.sh/v104/@supabase/postgrest-js@1.3.0/dist/module/PostgrestTransformBuilder.d.ts": "6e74821d9c6eca911da2b4aae003feadce8874d4234cbc78c649f59ba5face72",
    "https://esm.sh/v104/@supabase/postgrest-js@1.3.0/dist/module/index.d.ts": "539d964aeedfc1c2832f32e3fdc13969b28170efda9e8b457a322957350071df",
    "https://esm.sh/v104/@supabase/postgrest-js@1.3.0/dist/module/select-query-parser.d.ts": "3760f571d8d446a4e8ab758507e4e6e95bb3c768817930aeb898d71ed1187158",
    "https://esm.sh/v104/@supabase/postgrest-js@1.3.0/dist/module/types.d.ts": "8d9f16269624f9d48594061cc2bc43c52823b1be77360c585e7c8e5c498b32a3",
    "https://esm.sh/v104/@supabase/realtime-js@2.3.1/deno/realtime-js.js": "0fbbccf5a182054f62d251fa98d83d43c18d68191508df6196268c0b4a479a81",
    "https://esm.sh/v104/@supabase/realtime-js@2.3.1/dist/module/RealtimeChannel.d.ts": "d61eabfcda5f264001ece1ba28b329b85c4518e43de69e05629f667d1a077eeb",
    "https://esm.sh/v104/@supabase/realtime-js@2.3.1/dist/module/RealtimeClient.d.ts": "f3df0873f1151c1b9a729306e7542f79b50fdcc558798731795562e53ea6d608",
    "https://esm.sh/v104/@supabase/realtime-js@2.3.1/dist/module/RealtimePresence.d.ts": "5fa4f9da5aedd875996fbe2ad3074b4e4be0c6f0a24eb130bc1017723a55f3b6",
    "https://esm.sh/v104/@supabase/realtime-js@2.3.1/dist/module/index.d.ts": "eeff0dbcd61707a889eb2370cf3617ef42ddc2f71d7d4d18e1e43542893c066d",
    "https://esm.sh/v104/@supabase/realtime-js@2.3.1/dist/module/lib/constants.d.ts": "b8392f2eb7cf41c3479c142875adbbe4b48bfafdced532165abc1cc68aa20cb5",
    "https://esm.sh/v104/@supabase/realtime-js@2.3.1/dist/module/lib/push.d.ts": "65459f6c4c166a7264b5a7a761414c9bf4e0d2dbf0803e1e53e2ecefdbaa1e1d",
    "https://esm.sh/v104/@supabase/realtime-js@2.3.1/dist/module/lib/serializer.d.ts": "4990f875f6e9a1898655fdba7b822222f8b930bfb7c9253b4f047aa4b05d4ca1",
    "https://esm.sh/v104/@supabase/realtime-js@2.3.1/dist/module/lib/timer.d.ts": "ddf170afd193dc372316ed1f4a087f0e9732a5b8bd9cb9e5c3ac74f1cc676e31",
    "https://esm.sh/v104/@supabase/storage-js@2.3.0/deno/storage-js.js": "5d7378e5ae27eb34bb28a0b4d0a1690febc3a12beed212d896c8e937887c2e26",
    "https://esm.sh/v104/@supabase/storage-js@2.3.0/dist/module/StorageClient.d.ts": "716bdde7f3ea8f49606ac540ceb4b410facb9526668711ffb5676f7935f3408d",
    "https://esm.sh/v104/@supabase/storage-js@2.3.0/dist/module/index.d.ts": "07800a0eea5587ec26d8932a4f5f10871b9e017292ab05b74b27154fb5f98860",
    "https://esm.sh/v104/@supabase/storage-js@2.3.0/dist/module/lib/errors.d.ts": "753c82a97a0e1b05fec3989af93e4fbf2f4a3da3957584613768593ef5cc8bfc",
    "https://esm.sh/v104/@supabase/storage-js@2.3.0/dist/module/lib/fetch.d.ts": "18b68d37f6564cc754ade6371fc7e655a775e91b10abf0f45d0c037b93436761",
    "https://esm.sh/v104/@supabase/storage-js@2.3.0/dist/module/lib/types.d.ts": "4cc02672a0b2d54325185cb1afb1a403f5cec265267ba6f37fd82b3201811142",
    "https://esm.sh/v104/@supabase/storage-js@2.3.0/dist/module/packages/StorageBucketApi.d.ts": "fcdbe1b00e3430099530a00a3cfb446e5065a715e0eaae55ae3fcc681de38e29",
    "https://esm.sh/v104/@supabase/storage-js@2.3.0/dist/module/packages/StorageFileApi.d.ts": "171e1284cab7ace559f210ff705a89f35ed1af8b1fd3103dfa9de4b253b487f3",
    "https://esm.sh/v104/@supabase/supabase-js@2.4.1/deno/supabase-js.js": "542bef66f050b45aab16582e7927a0e39534e3a3f5470c74cee89487065f25ae",
    "https://esm.sh/v104/@supabase/supabase-js@2.4.1/dist/module/SupabaseClient.d.ts": "663e5710c271c9f5d3c2c92437272cbf5c62894ab3a5a0cb7b5ca8e0b7561865",
    "https://esm.sh/v104/@supabase/supabase-js@2.4.1/dist/module/index.d.ts": "fe2e102f10967f52a8d4c419ee1da3c8cd308336fa3630c876d472b0bc9c2eca",
    "https://esm.sh/v104/@supabase/supabase-js@2.4.1/dist/module/lib/SupabaseAuthClient.d.ts": "cb5322719df435e3c34779040521a36e8fdc53a6ec3acaa9cc2eb6669e71f6d5",
    "https://esm.sh/v104/@supabase/supabase-js@2.4.1/dist/module/lib/types.d.ts": "a85e990a28fa4d5ea096e483107bc28b0f705ce6e2754c1c38c194d21ebdcf20",
    "https://esm.sh/v104/@types/phoenix@1.5.4/index.d.ts": "5bedfe185f19a13c7df212e1eec2584b710b9db5fd5e73b767df2e6116313565",
    "https://esm.sh/v104/cross-fetch@3.1.5/deno/cross-fetch.js": "6623ff9b8dc94523869d9a2615cf6d2f02a918b3ae1c6ece9306cac9c641b054",
    "https://esm.sh/v104/es5-ext@0.10.62/deno/global.js": "17f5318602f1810be13fba7eb0d5fc2d8ac3dd5117f1ff13f8377eab2e2a4784",
    "https://esm.sh/v104/node.ns.d.ts": "0fb081f0cd2150931bd54baa04f31466abd9ca701fd9060d07931402cf8367ba",
    "https://esm.sh/v104/websocket@1.0.34/deno/websocket.js": "2a2a0e4e41ab2354138d181488cb049de0b56238e6c338f3f363fa8b0060e6ea",
    "https://esm.sh/v106/@supabase/functions-js@2.0.0/deno/functions-js.js": "805d6fec17732e51e480b7281e385b6993b7fd374fd2cdc6f6fc4385d05460bf",
    "https://esm.sh/v106/@supabase/functions-js@2.0.0/dist/module/FunctionsClient.d.ts": "ef3d2f4fb207809a3b0eec96066238a25489388c6b38e066be70dfd6c41c65df",
    "https://esm.sh/v106/@supabase/functions-js@2.0.0/dist/module/index.d.ts": "77215ae20a49e5cd6c18054f53e479ffcd70dcea12e7bf6a6a0df86ff9a486f7",
    "https://esm.sh/v106/@supabase/functions-js@2.0.0/dist/module/types.d.ts": "264972165defc2488da3121ddbcb4d7f5438042e10d995d250d87f4a3ff5b2a9",
    "https://esm.sh/v106/@supabase/gotrue-js@2.10.0/deno/gotrue-js.js": "be3800bbbbf6c5b8feef3629aa45b6f2915c3c76eae588facc346aa99ac42bb3",
    "https://esm.sh/v106/@supabase/gotrue-js@2.10.0/dist/module/GoTrueAdminApi.d.ts": "e26cd0616dfb78c1bd5a585ce693477968fa2d19b223b3f868e37c1b7927d16d",
    "https://esm.sh/v106/@supabase/gotrue-js@2.10.0/dist/module/GoTrueClient.d.ts": "c80466a43b69d6f87da292b2667c98a45a4dca16977dde3a8fb1116227937c2b",
    "https://esm.sh/v106/@supabase/gotrue-js@2.10.0/dist/module/index.d.ts": "8cdbab5746a3ce56786025593191032aeb560f933279507c260d2bb65e83b636",
    "https://esm.sh/v106/@supabase/gotrue-js@2.10.0/dist/module/lib/errors.d.ts": "aba89c1be014c919b2ed0cd2379d71d9271f85fc8ecc850b23514710184e2b0d",
    "https://esm.sh/v106/@supabase/gotrue-js@2.10.0/dist/module/lib/fetch.d.ts": "0124365bdd93bdaefc37112cad6eafefdb01ae36c657770a64df7dbf5f305342",
    "https://esm.sh/v106/@supabase/gotrue-js@2.10.0/dist/module/lib/helpers.d.ts": "74ccedf558c147f56a78fb607937585154045fefedc20ab65588f4abe825e235",
    "https://esm.sh/v106/@supabase/gotrue-js@2.10.0/dist/module/lib/types.d.ts": "67633677c1b2f6b58df88e683e3c3d6eb3bcbfb2b0fbc011be2ce2e387da36c2",
    "https://esm.sh/v106/@supabase/postgrest-js@1.3.0/deno/postgrest-js.js": "f74b8f0000608190d11864f9c511d1b00d07ab08ac0f774decc2e7e50201a1a6",
    "https://esm.sh/v106/@supabase/postgrest-js@1.3.0/dist/module/PostgrestBuilder.d.ts": "53a0460f748330c1be55f76afa210fe6097a20aac9af7a2b48c52710e15d793c",
    "https://esm.sh/v106/@supabase/postgrest-js@1.3.0/dist/module/PostgrestClient.d.ts": "70bddc51d63d92a5f6817be70f4e0d232c6758b425792adb6a9912844aa18747",
    "https://esm.sh/v106/@supabase/postgrest-js@1.3.0/dist/module/PostgrestFilterBuilder.d.ts": "a5c93476d23858a561734a206dd583c1b0fe319f3e9856f69e79134608439e62",
    "https://esm.sh/v106/@supabase/postgrest-js@1.3.0/dist/module/PostgrestQueryBuilder.d.ts": "46b4ffa53e3afee3328a902e4c724b19636ca0d1ceb64d7eba02e98fa2be273f",
    "https://esm.sh/v106/@supabase/postgrest-js@1.3.0/dist/module/PostgrestTransformBuilder.d.ts": "6e74821d9c6eca911da2b4aae003feadce8874d4234cbc78c649f59ba5face72",
    "https://esm.sh/v106/@supabase/postgrest-js@1.3.0/dist/module/index.d.ts": "539d964aeedfc1c2832f32e3fdc13969b28170efda9e8b457a322957350071df",
    "https://esm.sh/v106/@supabase/postgrest-js@1.3.0/dist/module/select-query-parser.d.ts": "3760f571d8d446a4e8ab758507e4e6e95bb3c768817930aeb898d71ed1187158",
    "https://esm.sh/v106/@supabase/postgrest-js@1.3.0/dist/module/types.d.ts": "8d9f16269624f9d48594061cc2bc43c52823b1be77360c585e7c8e5c498b32a3",
    "https://esm.sh/v106/@supabase/realtime-js@2.4.0/deno/realtime-js.js": "8f9822f2e93f4f692e83ec2dec2edab5afd8225af85778ce3027ed5484664286",
    "https://esm.sh/v106/@supabase/realtime-js@2.4.0/dist/module/RealtimeChannel.d.ts": "d61eabfcda5f264001ece1ba28b329b85c4518e43de69e05629f667d1a077eeb",
    "https://esm.sh/v106/@supabase/realtime-js@2.4.0/dist/module/RealtimeClient.d.ts": "f3df0873f1151c1b9a729306e7542f79b50fdcc558798731795562e53ea6d608",
    "https://esm.sh/v106/@supabase/realtime-js@2.4.0/dist/module/RealtimePresence.d.ts": "f515432a6871a8aa35f7fb79a04e5196fbf6a960f551ae42708d34f1b5335718",
    "https://esm.sh/v106/@supabase/realtime-js@2.4.0/dist/module/index.d.ts": "eeff0dbcd61707a889eb2370cf3617ef42ddc2f71d7d4d18e1e43542893c066d",
    "https://esm.sh/v106/@supabase/realtime-js@2.4.0/dist/module/lib/constants.d.ts": "b8392f2eb7cf41c3479c142875adbbe4b48bfafdced532165abc1cc68aa20cb5",
    "https://esm.sh/v106/@supabase/realtime-js@2.4.0/dist/module/lib/push.d.ts": "65459f6c4c166a7264b5a7a761414c9bf4e0d2dbf0803e1e53e2ecefdbaa1e1d",
    "https://esm.sh/v106/@supabase/realtime-js@2.4.0/dist/module/lib/serializer.d.ts": "4990f875f6e9a1898655fdba7b822222f8b930bfb7c9253b4f047aa4b05d4ca1",
    "https://esm.sh/v106/@supabase/realtime-js@2.4.0/dist/module/lib/timer.d.ts": "ddf170afd193dc372316ed1f4a087f0e9732a5b8bd9cb9e5c3ac74f1cc676e31",
    "https://esm.sh/v106/@supabase/storage-js@2.3.0/deno/storage-js.js": "55e6ef66f6b61c7056b41b9cf87bf45bcda90935769f70e6ee81497fb40f43bf",
    "https://esm.sh/v106/@supabase/storage-js@2.3.0/dist/module/StorageClient.d.ts": "716bdde7f3ea8f49606ac540ceb4b410facb9526668711ffb5676f7935f3408d",
    "https://esm.sh/v106/@supabase/storage-js@2.3.0/dist/module/index.d.ts": "07800a0eea5587ec26d8932a4f5f10871b9e017292ab05b74b27154fb5f98860",
    "https://esm.sh/v106/@supabase/storage-js@2.3.0/dist/module/lib/errors.d.ts": "753c82a97a0e1b05fec3989af93e4fbf2f4a3da3957584613768593ef5cc8bfc",
    "https://esm.sh/v106/@supabase/storage-js@2.3.0/dist/module/lib/fetch.d.ts": "18b68d37f6564cc754ade6371fc7e655a775e91b10abf0f45d0c037b93436761",
    "https://esm.sh/v106/@supabase/storage-js@2.3.0/dist/module/lib/types.d.ts": "4cc02672a0b2d54325185cb1afb1a403f5cec265267ba6f37fd82b3201811142",
    "https://esm.sh/v106/@supabase/storage-js@2.3.0/dist/module/packages/StorageBucketApi.d.ts": "fcdbe1b00e3430099530a00a3cfb446e5065a715e0eaae55ae3fcc681de38e29",
    "https://esm.sh/v106/@supabase/storage-js@2.3.0/dist/module/packages/StorageFileApi.d.ts": "20d75a287e3a60aff6b8d0ea81120e0cb94da9b01d66ff6ce3c38a20a42c7895",
    "https://esm.sh/v106/@supabase/supabase-js@2.5.0/deno/supabase-js.js": "74132648db3d7c53ad00f5b9f2515d43a71b1deafbb0f8ff55f214ee93ece803",
    "https://esm.sh/v106/@supabase/supabase-js@2.5.0/dist/module/SupabaseClient.d.ts": "85b69b875e32f3ddf9c2ee6022c25b1d37cca26c7edcf8bf3bd33068890c45c3",
    "https://esm.sh/v106/@supabase/supabase-js@2.5.0/dist/module/index.d.ts": "5b2f3f25ffb7d8779bf563796219c55b42447392c13b611dda6cc0a5a11eafb8",
    "https://esm.sh/v106/@supabase/supabase-js@2.5.0/dist/module/lib/SupabaseAuthClient.d.ts": "6d54df0b77cd415e543259b063a855422975a2ddad8b2dc172465b8da5f7cd63",
    "https://esm.sh/v106/@supabase/supabase-js@2.5.0/dist/module/lib/types.d.ts": "b5e296be646fb504d169504c10d388f129069f39664a77ef53bf0c7c5987b33b",
    "https://esm.sh/v106/@types/phoenix@1.5.4/index.d.ts": "5bedfe185f19a13c7df212e1eec2584b710b9db5fd5e73b767df2e6116313565",
    "https://esm.sh/v106/cross-fetch@3.1.5/deno/cross-fetch.js": "6623ff9b8dc94523869d9a2615cf6d2f02a918b3ae1c6ece9306cac9c641b054",
    "https://esm.sh/v106/es5-ext@0.10.62/deno/global.js": "17f5318602f1810be13fba7eb0d5fc2d8ac3dd5117f1ff13f8377eab2e2a4784",
    "https://esm.sh/v106/node.ns.d.ts": "0fb081f0cd2150931bd54baa04f31466abd9ca701fd9060d07931402cf8367ba",
    "https://esm.sh/v106/websocket@1.0.34/deno/websocket.js": "2e714402a950b02be47764bcae4d70e4bf37c1e4b341683d12f3057662d30d2b",
    "https://esm.sh/v121/jszip@3.7.1/deno/jszip.mjs": "729d48174f1fa41dcf8a98c48bb403494575fc49b574f3ffe99baf5476c7088f",
    "https://esm.sh/v121/jszip@3.7.1/index.d.ts": "9c18fbcdacb3cffacf5ce9b833c78c7f5c2b042058481d445a586b3471152625",
    "https://esm.sh/v121/node.ns.d.ts": "0fb081f0cd2150931bd54baa04f31466abd9ca701fd9060d07931402cf8367ba"
  }
}